
Microsoft Visual Studio Solution File, Format Version 12.00
# Visual Studio Version 17
VisualStudioVersion = 17.7.34202.233
MinimumVisualStudioVersion = 10.0.40219.1
Project("{FAE04EC0-301F-11D3-BF4B-00C04F79EFBC}") = "main form", "main form\main form.csproj", "{3ED6A48D-82CB-4722-9550-13052EBE5508}"
EndProject
Global
	GlobalSection(SolutionConfigurationPlatforms) = preSolution
		Debug|Any CPU = Debug|Any CPU
		Release|Any CPU = Release|Any CPU
	EndGlobalSection
	GlobalSection(ProjectConfigurationPlatforms) = postSolution
		{3ED6A48D-82CB-4722-9550-13052EBE5508}.Debug|Any CPU.ActiveCfg = Debug|Any CPU
		{3ED6A48D-82CB-4722-9550-13052EBE5508}.Debug|Any CPU.Build.0 = Debug|Any CPU
		{3ED6A48D-82CB-4722-9550-13052EBE5508}.Release|Any CPU.ActiveCfg = Release|Any CPU
		{3ED6A48D-82CB-4722-9550-13052EBE5508}.Release|Any CPU.Build.0 = Release|Any CPU
	EndGlobalSection
	GlobalSection(SolutionProperties) = preSolution
		HideSolutionNode = FALSE
	EndGlobalSection
	GlobalSection(ExtensibilityGlobals) = postSolution
		SolutionGuid = {47C5A4B3-1863-472A-A75E-0FA9878C1293}
	EndGlobalSection
EndGlobal
